// !$*UTF8*$!
{
	archiveVersion = 1;
	classes = {
	};
	objectVersion = 56;
	objects = {

/* Begin PBXBuildFile section */
		CC23E0F02AC68507008439FF /* AppDelegate.swift in Sources */ = {isa = PBXBuildFile; fileRef = CC23E0EF2AC68507008439FF /* AppDelegate.swift */; };
		CC23E0F22AC68507008439FF /* SceneDelegate.swift in Sources */ = {isa = PBXBuildFile; fileRef = CC23E0F12AC68507008439FF /* SceneDelegate.swift */; };
		CC23E0F72AC68507008439FF /* Main.storyboard in Resources */ = {isa = PBXBuildFile; fileRef = CC23E0F52AC68507008439FF /* Main.storyboard */; };
		CC23E0F92AC68508008439FF /* Assets.xcassets in Resources */ = {isa = PBXBuildFile; fileRef = CC23E0F82AC68508008439FF /* Assets.xcassets */; };
		CC23E0FC2AC68508008439FF /* LaunchScreen.storyboard in Resources */ = {isa = PBXBuildFile; fileRef = CC23E0FA2AC68508008439FF /* LaunchScreen.storyboard */; };
		CC23E1062AC68689008439FF /* CompletedTestResultCell.swift in Sources */ = {isa = PBXBuildFile; fileRef = CC23E1052AC68689008439FF /* CompletedTestResultCell.swift */; };
		CCE33CDD2AD957820045AF76 /* MyTVC2.swift in Sources */ = {isa = PBXBuildFile; fileRef = CCE33CDC2AD957820045AF76 /* MyTVC2.swift */; };
		CCE33CDF2AD957D90045AF76 /* RecommendedProfessionsVC.swift in Sources */ = {isa = PBXBuildFile; fileRef = CCE33CDE2AD957D90045AF76 /* RecommendedProfessionsVC.swift */; };
/* End PBXBuildFile section */

/* Begin PBXFileReference section */
		CC23E0EC2AC68507008439FF /* expandedRows.app */ = {isa = PBXFileReference; explicitFileType = wrapper.application; includeInIndex = 0; path = expandedRows.app; sourceTree = BUILT_PRODUCTS_DIR; };
		CC23E0EF2AC68507008439FF /* AppDelegate.swift */ = {isa = PBXFileReference; lastKnownFileType = sourcecode.swift; path = AppDelegate.swift; sourceTree = "<group>"; };
		CC23E0F12AC68507008439FF /* SceneDelegate.swift */ = {isa = PBXFileReference; lastKnownFileType = sourcecode.swift; path = SceneDelegate.swift; sourceTree = "<group>"; };
		CC23E0F62AC68507008439FF /* Base */ = {isa = PBXFileReference; lastKnownFileType = file.storyboard; name = Base; path = Base.lproj/Main.storyboard; sourceTree = "<group>"; };
		CC23E0F82AC68508008439FF /* Assets.xcassets */ = {isa = PBXFileReference; lastKnownFileType = folder.assetcatalog; path = Assets.xcassets; sourceTree = "<group>"; };
		CC23E0FB2AC68508008439FF /* Base */ = {isa = PBXFileReference; lastKnownFileType = file.storyboard; name = Base; path = Base.lproj/LaunchScreen.storyboard; sourceTree = "<group>"; };
		CC23E0FD2AC68508008439FF /* Info.plist */ = {isa = PBXFileReference; lastKnownFileType = text.plist.xml; path = Info.plist; sourceTree = "<group>"; };
		CC23E1052AC68689008439FF /* CompletedTestResultCell.swift */ = {isa = PBXFileReference; lastKnownFileType = sourcecode.swift; path = CompletedTestResultCell.swift; sourceTree = "<group>"; };
		CCE33CDC2AD957820045AF76 /* MyTVC2.swift */ = {isa = PBXFileReference; lastKnownFileType = sourcecode.swift; path = MyTVC2.swift; sourceTree = "<group>"; };
		CCE33CDE2AD957D90045AF76 /* RecommendedProfessionsVC.swift */ = {isa = PBXFileReference; lastKnownFileType = sourcecode.swift; path = RecommendedProfessionsVC.swift; sourceTree = "<group>"; };
/* End PBXFileReference section */

/* Begin PBXFrameworksBuildPhase section */
		CC23E0E92AC68507008439FF /* Frameworks */ = {
			isa = PBXFrameworksBuildPhase;
			buildActionMask = 2147483647;
			files = (
			);
			runOnlyForDeploymentPostprocessing = 0;
		};
/* End PBXFrameworksBuildPhase section */

/* Begin PBXGroup section */
		CC23E0E32AC68507008439FF = {
			isa = PBXGroup;
			children = (
				CC23E0EE2AC68507008439FF /* expandedRows */,
				CC23E0ED2AC68507008439FF /* Products */,
			);
			sourceTree = "<group>";
		};
		CC23E0ED2AC68507008439FF /* Products */ = {
			isa = PBXGroup;
			children = (
				CC23E0EC2AC68507008439FF /* expandedRows.app */,
			);
			name = Products;
			sourceTree = "<group>";
		};
		CC23E0EE2AC68507008439FF /* expandedRows */ = {
			isa = PBXGroup;
			children = (
				CC23E0EF2AC68507008439FF /* AppDelegate.swift */,
				CC23E0F12AC68507008439FF /* SceneDelegate.swift */,
				CC23E0F52AC68507008439FF /* Main.storyboard */,
				CC23E0F82AC68508008439FF /* Assets.xcassets */,
				CC23E0FA2AC68508008439FF /* LaunchScreen.storyboard */,
				CC23E0FD2AC68508008439FF /* Info.plist */,
				CC23E1052AC68689008439FF /* CompletedTestResultCell.swift */,
				CCE33CDC2AD957820045AF76 /* MyTVC2.swift */,
				CCE33CDE2AD957D90045AF76 /* RecommendedProfessionsVC.swift */,
			);
			path = expandedRows;
			sourceTree = "<group>";
		};
/* End PBXGroup section */

/* Begin PBXNativeTarget section */
		CC23E0EB2AC68507008439FF /* expandedRows */ = {
			isa = PBXNativeTarget;
			buildConfigurationList = CC23E1002AC68508008439FF /* Build configuration list for PBXNativeTarget "expandedRows" */;
			buildPhases = (
				CC23E0E82AC68507008439FF /* Sources */,
				CC23E0E92AC68507008439FF /* Frameworks */,
				CC23E0EA2AC68507008439FF /* Resources */,
			);
			buildRules = (
			);
			dependencies = (
			);
			name = expandedRows;
			productName = expandedRows;
			productReference = CC23E0EC2AC68507008439FF /* expandedRows.app */;
			productType = "com.apple.product-type.application";
		};
/* End PBXNativeTarget section */

/* Begin PBXProject section */
		CC23E0E42AC68507008439FF /* Project object */ = {
			isa = PBXProject;
			attributes = {
				BuildIndependentTargetsInParallel = 1;
				LastSwiftUpdateCheck = 1430;
				LastUpgradeCheck = 1430;
				TargetAttributes = {
					CC23E0EB2AC68507008439FF = {
						CreatedOnToolsVersion = 14.3.1;
					};
				};
			};
			buildConfigurationList = CC23E0E72AC68507008439FF /* Build configuration list for PBXProject "expandedRows" */;
			compatibilityVersion = "Xcode 14.0";
			developmentRegion = en;
			hasScannedForEncodings = 0;
			knownRegions = (
				en,
				Base,
			);
			mainGroup = CC23E0E32AC68507008439FF;
			productRefGroup = CC23E0ED2AC68507008439FF /* Products */;
			projectDirPath = "";
			projectRoot = "";
			targets = (
				CC23E0EB2AC68507008439FF /* expandedRows */,
			);
		};
/* End PBXProject section */

/* Begin PBXResourcesBuildPhase section */
		CC23E0EA2AC68507008439FF /* Resources */ = {
			isa = PBXResourcesBuildPhase;
			buildActionMask = 2147483647;
			files = (
				CC23E0FC2AC68508008439FF /* LaunchScreen.storyboard in Resources */,
				CC23E0F92AC68508008439FF /* Assets.xcassets in Resources */,
				CC23E0F72AC68507008439FF /* Main.storyboard in Resources */,
			);
			runOnlyForDeploymentPostprocessing = 0;
		};
/* End PBXResourcesBuildPhase section */

/* Begin PBXSourcesBuildPhase section */
		CC23E0E82AC68507008439FF /* Sources */ = {
			isa = PBXSourcesBuildPhase;
			buildActionMask = 2147483647;
			files = (
				CCE33CDF2AD957D90045AF76 /* RecommendedProfessionsVC.swift in Sources */,
				CC23E1062AC68689008439FF /* CompletedTestResultCell.swift in Sources */,
				CC23E0F02AC68507008439FF /* AppDelegate.swift in Sources */,
				CC23E0F22AC68507008439FF /* SceneDelegate.swift in Sources */,
				CCE33CDD2AD957820045AF76 /* MyTVC2.swift in Sources */,
			);
			runOnlyForDeploymentPostprocessing = 0;
		};
/* End PBXSourcesBuildPhase section */

/* Begin PBXVariantGroup section */
		CC23E0F52AC68507008439FF /* Main.storyboard */ = {
			isa = PBXVariantGroup;
			children = (
				CC23E0F62AC68507008439FF /* Base */,
			);
			name = Main.storyboard;
			sourceTree = "<group>";
		};
		CC23E0FA2AC68508008439FF /* LaunchScreen.storyboard */ = {
			isa = PBXVariantGroup;
			children = (
				CC23E0FB2AC68508008439FF /* Base */,
			);
			name = LaunchScreen.storyboard;
			sourceTree = "<group>";
		};
/* End PBXVariantGroup section */

/* Begin XCBuildConfiguration section */
		CC23E0FE2AC68508008439FF /* Debug */ = {
			isa = XCBuildConfiguration;
			buildSettings = {
				ALWAYS_SEARCH_USER_PATHS = NO;
				CLANG_ANALYZER_NONNULL = YES;
				CLANG_ANALYZER_NUMBER_OBJECT_CONVERSION = YES_AGGRESSIVE;
				CLANG_CXX_LANGUAGE_STANDARD = "gnu++20";
				CLANG_ENABLE_MODULES = YES;
				CLANG_ENABLE_OBJC_ARC = YES;
				CLANG_ENABLE_OBJC_WEAK = YES;
				CLANG_WARN_BLOCK_CAPTURE_AUTORELEASING = YES;
				CLANG_WARN_BOOL_CONVERSION = YES;
				CLANG_WARN_COMMA = YES;
				CLANG_WARN_CONSTANT_CONVERSION = YES;
				CLANG_WARN_DEPRECATED_OBJC_IMPLEMENTATIONS = YES;
				CLANG_WARN_DIRECT_OBJC_ISA_USAGE = YES_ERROR;
				CLANG_WARN_DOCUMENTATION_COMMENTS = YES;
				CLANG_WARN_EMPTY_BODY = YES;
				CLANG_WARN_ENUM_CONVERSION = YES;
				CLANG_WARN_INFINITE_RECURSION = YES;
				CLANG_WARN_INT_CONVERSION = YES;
				CLANG_WARN_NON_LITERAL_NULL_CONVERSION = YES;
				CLANG_WARN_OBJC_IMPLICIT_RETAIN_SELF = YES;
				CLANG_WARN_OBJC_LITERAL_CONVERSION = YES;
				CLANG_WARN_OBJC_ROOT_CLASS = YES_ERROR;
				CLANG_WARN_QUOTED_INCLUDE_IN_FRAMEWORK_HEADER = YES;
				CLANG_WARN_RANGE_LOOP_ANALYSIS = YES;
				CLANG_WARN_STRICT_PROTOTYPES = YES;
				CLANG_WARN_SUSPICIOUS_MOVE = YES;
				CLANG_WARN_UNGUARDED_AVAILABILITY = YES_AGGRESSIVE;
				CLANG_WARN_UNREACHABLE_CODE = YES;
				CLANG_WARN__DUPLICATE_METHOD_MATCH = YES;
				COPY_PHASE_STRIP = NO;
				DEBUG_INFORMATION_FORMAT = dwarf;
				ENABLE_STRICT_OBJC_MSGSEND = YES;
				ENABLE_TESTABILITY = YES;
				GCC_C_LANGUAGE_STANDARD = gnu11;
				GCC_DYNAMIC_NO_PIC = NO;
				GCC_NO_COMMON_BLOCKS = YES;
				GCC_OPTIMIZATION_LEVEL = 0;
				GCC_PREPROCESSOR_DEFINITIONS = (
					"DEBUG=1",
					"$(inherited)",
				);
				GCC_WARN_64_TO_32_BIT_CONVERSION = YES;
				GCC_WARN_ABOUT_RETURN_TYPE = YES_ERROR;
				GCC_WARN_UNDECLARED_SELECTOR = YES;
				GCC_WARN_UNINITIALIZED_AUTOS = YES_AGGRESSIVE;
				GCC_WARN_UNUSED_FUNCTION = YES;
				GCC_WARN_UNUSED_VARIABLE = YES;
				IPHONEOS_DEPLOYMENT_TARGET = 16.4;
				MTL_ENABLE_DEBUG_INFO = INCLUDE_SOURCE;
				MTL_FAST_MATH = YES;
				ONLY_ACTIVE_ARCH = YES;
				SDKROOT = iphoneos;
				SWIFT_ACTIVE_COMPILATION_CONDITIONS = DEBUG;
				SWIFT_OPTIMIZATION_LEVEL = "-Onone";
			};
			name = Debug;
		};
		CC23E0FF2AC68508008439FF /* Release */ = {
			isa = XCBuildConfiguration;
			buildSettings = {
				ALWAYS_SEARCH_USER_PATHS = NO;
				CLANG_ANALYZER_NONNULL = YES;
				CLANG_ANALYZER_NUMBER_OBJECT_CONVERSION = YES_AGGRESSIVE;
				CLANG_CXX_LANGUAGE_STANDARD = "gnu++20";
				CLANG_ENABLE_MODULES = YES;
				CLANG_ENABLE_OBJC_ARC = YES;
				CLANG_ENABLE_OBJC_WEAK = YES;
				CLANG_WARN_BLOCK_CAPTURE_AUTORELEASING = YES;
				CLANG_WARN_BOOL_CONVERSION = YES;
				CLANG_WARN_COMMA = YES;
				CLANG_WARN_CONSTANT_CONVERSION = YES;
				CLANG_WARN_DEPRECATED_OBJC_IMPLEMENTATIONS = YES;
				CLANG_WARN_DIRECT_OBJC_ISA_USAGE = YES_ERROR;
				CLANG_WARN_DOCUMENTATION_COMMENTS = YES;
				CLANG_WARN_EMPTY_BODY = YES;
				CLANG_WARN_ENUM_CONVERSION = YES;
				CLANG_WARN_INFINITE_RECURSION = YES;
				CLANG_WARN_INT_CONVERSION = YES;
				CLANG_WARN_NON_LITERAL_NULL_CONVERSION = YES;
				CLANG_WARN_OBJC_IMPLICIT_RETAIN_SELF = YES;
				CLANG_WARN_OBJC_LITERAL_CONVERSION = YES;
				CLANG_WARN_OBJC_ROOT_CLASS = YES_ERROR;
				CLANG_WARN_QUOTED_INCLUDE_IN_FRAMEWORK_HEADER = YES;
				CLANG_WARN_RANGE_LOOP_ANALYSIS = YES;
				CLANG_WARN_STRICT_PROTOTYPES = YES;
				CLANG_WARN_SUSPICIOUS_MOVE = YES;
				CLANG_WARN_UNGUARDED_AVAILABILITY = YES_AGGRESSIVE;
				CLANG_WARN_UNREACHABLE_CODE = YES;
				CLANG_WARN__DUPLICATE_METHOD_MATCH = YES;
				COPY_PHASE_STRIP = NO;
				DEBUG_INFORMATION_FORMAT = "dwarf-with-dsym";
				ENABLE_NS_ASSERTIONS = NO;
				ENABLE_STRICT_OBJC_MSGSEND = YES;
				GCC_C_LANGUAGE_STANDARD = gnu11;
				GCC_NO_COMMON_BLOCKS = YES;
				GCC_WARN_64_TO_32_BIT_CONVERSION = YES;
				GCC_WARN_ABOUT_RETURN_TYPE = YES_ERROR;
				GCC_WARN_UNDECLARED_SELECTOR = YES;
				GCC_WARN_UNINITIALIZED_AUTOS = YES_AGGRESSIVE;
				GCC_WARN_UNUSED_FUNCTION = YES;
				GCC_WARN_UNUSED_VARIABLE = YES;
				IPHONEOS_DEPLOYMENT_TARGET = 16.4;
				MTL_ENABLE_DEBUG_INFO = NO;
				MTL_FAST_MATH = YES;
				SDKROOT = iphoneos;
				SWIFT_COMPILATION_MODE = wholemodule;
				SWIFT_OPTIMIZATION_LEVEL = "-O";
				VALIDATE_PRODUCT = YES;
			};
			name = Release;
		};
		CC23E1012AC68508008439FF /* Debug */ = {
			isa = XCBuildConfiguration;
			buildSettings = {
				ASSETCATALOG_COMPILER_APPICON_NAME = AppIcon;
				ASSETCATALOG_COMPILER_GLOBAL_ACCENT_COLOR_NAME = AccentColor;
				CODE_SIGN_STYLE = Automatic;
				CURRENT_PROJECT_VERSION = 1;
				DEVELOPMENT_TEAM = QGW6TP9GF7;
				GENERATE_INFOPLIST_FILE = YES;
				INFOPLIST_FILE = expandedRows/Info.plist;
				INFOPLIST_KEY_UIApplicationSupportsIndirectInputEvents = YES;
				INFOPLIST_KEY_UILaunchStoryboardName = LaunchScreen;
				INFOPLIST_KEY_UIMainStoryboardFile = Main;
				INFOPLIST_KEY_UISupportedInterfaceOrientations_iPad = "UIInterfaceOrientationPortrait UIInterfaceOrientationPortraitUpsideDown UIInterfaceOrientationLandscapeLeft UIInterfaceOrientationLandscapeRight";
				INFOPLIST_KEY_UISupportedInterfaceOrientations_iPhone = "UIInterfaceOrientationPortrait UIInterfaceOrientationLandscapeLeft UIInterfaceOrientationLandscapeRight";
				LD_RUNPATH_SEARCH_PATHS = (
					"$(inherited)",
					"@executable_path/Frameworks",
				);
				MARKETING_VERSION = 1.0;
				PRODUCT_BUNDLE_IDENTIFIER = e2e4.expandedRows;
				PRODUCT_NAME = "$(TARGET_NAME)";
				SWIFT_EMIT_LOC_STRINGS = YES;
				SWIFT_VERSION = 5.0;
				TARGETED_DEVICE_FAMILY = "1,2";
			};
			name = Debug;
		};
		CC23E1022AC68508008439FF /* Release */ = {
			isa = XCBuildConfiguration;
			buildSettings = {
				ASSETCATALOG_COMPILER_APPICON_NAME = AppIcon;
				ASSETCATALOG_COMPILER_GLOBAL_ACCENT_COLOR_NAME = AccentColor;
				CODE_SIGN_STYLE = Automatic;
				CURRENT_PROJECT_VERSION = 1;
				DEVELOPMENT_TEAM = QGW6TP9GF7;
				GENERATE_INFOPLIST_FILE = YES;
				INFOPLIST_FILE = expandedRows/Info.plist;
				INFOPLIST_KEY_UIApplicationSupportsIndirectInputEvents = YES;
				INFOPLIST_KEY_UILaunchStoryboardName = LaunchScreen;
				INFOPLIST_KEY_UIMainStoryboardFile = Main;
				INFOPLIST_KEY_UISupportedInterfaceOrientations_iPad = "UIInterfaceOrientationPortrait UIInterfaceOrientationPortraitUpsideDown UIInterfaceOrientationLandscapeLeft UIInterfaceOrientationLandscapeRight";
				INFOPLIST_KEY_UISupportedInterfaceOrientations_iPhone = "UIInterfaceOrientationPortrait UIInterfaceOrientationLandscapeLeft UIInterfaceOrientationLandscapeRight";
				LD_RUNPATH_SEARCH_PATHS = (
					"$(inherited)",
					"@executable_path/Frameworks",
				);
				MARKETING_VERSION = 1.0;
				PRODUCT_BUNDLE_IDENTIFIER = e2e4.expandedRows;
				PRODUCT_NAME = "$(TARGET_NAME)";
				SWIFT_EMIT_LOC_STRINGS = YES;
				SWIFT_VERSION = 5.0;
				TARGETED_DEVICE_FAMILY = "1,2";
			};
			name = Release;
		};
/* End XCBuildConfiguration section */

/* Begin XCConfigurationList section */
		CC23E0E72AC68507008439FF /* Build configuration list for PBXProject "expandedRows" */ = {
			isa = XCConfigurationList;
			buildConfigurations = (
				CC23E0FE2AC68508008439FF /* Debug */,
				CC23E0FF2AC68508008439FF /* Release */,
			);
			defaultConfigurationIsVisible = 0;
			defaultConfigurationName = Release;
		};
		CC23E1002AC68508008439FF /* Build configuration list for PBXNativeTarget "expandedRows" */ = {
			isa = XCConfigurationList;
			buildConfigurations = (
				CC23E1012AC68508008439FF /* Debug */,
				CC23E1022AC68508008439FF /* Release */,
			);
			defaultConfigurationIsVisible = 0;
			defaultConfigurationName = Release;
		};
/* End XCConfigurationList section */
	};
	rootObject = CC23E0E42AC68507008439FF /* Project object */;
}
